
Microsoft Visual Studio Solution File, Format Version 12.00
# Visual Studio 15
VisualStudioVersion = 15.0.27130.2027
MinimumVisualStudioVersion = 10.0.40219.1
Project("{FAE04EC0-301F-11D3-BF4B-00C04F79EFBC}") = "UI", "UI\UI.csproj", "{68931DDE-07EC-4A4D-83D4-DB23C0C054C4}"
EndProject
Project("{FAE04EC0-301F-11D3-BF4B-00C04F79EFBC}") = "DAL", "DAL\DAL.csproj", "{B822F596-A79D-4D36-B3E5-5BD237C146E5}"
EndProject
Project("{FAE04EC0-301F-11D3-BF4B-00C04F79EFBC}") = "MefBase", "MefBase\MefBase.csproj", "{75DF23E4-058C-4454-BB28-504982D8E14C}"
EndProject
Project("{FAE04EC0-301F-11D3-BF4B-00C04F79EFBC}") = "Entity", "Entity\Entity.csproj", "{0835E3DB-72E7-46E5-8185-3B756728131B}"
EndProject
Global
	GlobalSection(SolutionConfigurationPlatforms) = preSolution
		Debug|Any CPU = Debug|Any CPU
		Release|Any CPU = Release|Any CPU
	EndGlobalSection
	GlobalSection(ProjectConfigurationPlatforms) = postSolution
		{68931DDE-07EC-4A4D-83D4-DB23C0C054C4}.Debug|Any CPU.ActiveCfg = Debug|Any CPU
		{68931DDE-07EC-4A4D-83D4-DB23C0C054C4}.Debug|Any CPU.Build.0 = Debug|Any CPU
		{68931DDE-07EC-4A4D-83D4-DB23C0C054C4}.Release|Any CPU.ActiveCfg = Release|Any CPU
		{68931DDE-07EC-4A4D-83D4-DB23C0C054C4}.Release|Any CPU.Build.0 = Release|Any CPU
		{B822F596-A79D-4D36-B3E5-5BD237C146E5}.Debug|Any CPU.ActiveCfg = Debug|Any CPU
		{B822F596-A79D-4D36-B3E5-5BD237C146E5}.Debug|Any CPU.Build.0 = Debug|Any CPU
		{B822F596-A79D-4D36-B3E5-5BD237C146E5}.Release|Any CPU.ActiveCfg = Release|Any CPU
		{B822F596-A79D-4D36-B3E5-5BD237C146E5}.Release|Any CPU.Build.0 = Release|Any CPU
		{75DF23E4-058C-4454-BB28-504982D8E14C}.Debug|Any CPU.ActiveCfg = Debug|Any CPU
		{75DF23E4-058C-4454-BB28-504982D8E14C}.Debug|Any CPU.Build.0 = Debug|Any CPU
		{75DF23E4-058C-4454-BB28-504982D8E14C}.Release|Any CPU.ActiveCfg = Release|Any CPU
		{75DF23E4-058C-4454-BB28-504982D8E14C}.Release|Any CPU.Build.0 = Release|Any CPU
		{0835E3DB-72E7-46E5-8185-3B756728131B}.Debug|Any CPU.ActiveCfg = Debug|Any CPU
		{0835E3DB-72E7-46E5-8185-3B756728131B}.Debug|Any CPU.Build.0 = Debug|Any CPU
		{0835E3DB-72E7-46E5-8185-3B756728131B}.Release|Any CPU.ActiveCfg = Release|Any CPU
		{0835E3DB-72E7-46E5-8185-3B756728131B}.Release|Any CPU.Build.0 = Release|Any CPU
	EndGlobalSection
	GlobalSection(SolutionProperties) = preSolution
		HideSolutionNode = FALSE
	EndGlobalSection
	GlobalSection(ExtensibilityGlobals) = postSolution
		SolutionGuid = {A579FF15-1AB7-430B-B5F6-47658174EE05}
	EndGlobalSection
EndGlobal
